
Microsoft Visual Studio Solution File, Format Version 12.00
# Visual Studio Version 17
VisualStudioVersion = 17.9.34723.18
MinimumVisualStudioVersion = 10.0.40219.1
Project("{8BC9CEB8-8B4A-11D0-8D11-00A0C91BC942}") = "lab9", "lab9.vcxproj", "{380FCBF9-5A8B-4D11-91F5-01155D0398CF}"
EndProject
Global
	GlobalSection(SolutionConfigurationPlatforms) = preSolution
		Debug|x64 = Debug|x64
		Release|x64 = Release|x64
	EndGlobalSection
	GlobalSection(ProjectConfigurationPlatforms) = postSolution
		{380FCBF9-5A8B-4D11-91F5-01155D0398CF}.Debug|x64.ActiveCfg = Debug|x64
		{380FCBF9-5A8B-4D11-91F5-01155D0398CF}.Debug|x64.Build.0 = Debug|x64
		{380FCBF9-5A8B-4D11-91F5-01155D0398CF}.Release|x64.ActiveCfg = Release|x64
		{380FCBF9-5A8B-4D11-91F5-01155D0398CF}.Release|x64.Build.0 = Release|x64
	EndGlobalSection
	GlobalSection(SolutionProperties) = preSolution
		HideSolutionNode = FALSE
	EndGlobalSection
	GlobalSection(ExtensibilityGlobals) = postSolution
		SolutionGuid = {697488A3-3CA8-446A-806B-C67AF747B8E7}
	EndGlobalSection
EndGlobal
